
Microsoft Visual Studio Solution File, Format Version 12.00
# Visual Studio 15
VisualStudioVersion = 15.0.26720.2
MinimumVisualStudioVersion = 10.0.40219.1
Project("{2150E333-8FDC-42A3-9474-1A3956D46DE8}") = "samples", "samples", "{41525F02-57A7-4094-A932-C49F54628F73}"
EndProject
Project("{9A19103F-16F7-4668-BE54-9A1E7A4F7556}") = "Silent.Practices.EventStore.Sample", "samples\Silent.Practices.EventStore.Sample\Silent.Practices.EventStore.Sample.csproj", "{92E89525-48BF-44B9-8915-4A5AB83DED18}"
EndProject
Project("{9A19103F-16F7-4668-BE54-9A1E7A4F7556}") = "Silent.Practices.CQRS.Sample", "samples\Silent.Practices.CQRS.Sample\Silent.Practices.CQRS.Sample.csproj", "{CD902F33-D07A-455B-98CA-859B67C679F8}"
EndProject
Project("{9A19103F-16F7-4668-BE54-9A1E7A4F7556}") = "Silent.Practices.MetadataProvider.Sample", "samples\Silent.Practices.MetadataProvider.Sample\Silent.Practices.MetadataProvider.Sample.csproj", "{22D0BD77-1F18-4ABD-AD00-A47A7B6E66D5}"
EndProject
Project("{9A19103F-16F7-4668-BE54-9A1E7A4F7556}") = "Silent.Practices.MetadataProvider", "src\Silent.Practices.MetadataProvider\Silent.Practices.MetadataProvider.csproj", "{2BA13D27-A17F-4AB8-9A95-4ED5CFD19FE2}"
EndProject
Global
	GlobalSection(SolutionConfigurationPlatforms) = preSolution
		Debug|Any CPU = Debug|Any CPU
		Release|Any CPU = Release|Any CPU
	EndGlobalSection
	GlobalSection(ProjectConfigurationPlatforms) = postSolution
		{92E89525-48BF-44B9-8915-4A5AB83DED18}.Debug|Any CPU.ActiveCfg = Debug|Any CPU
		{92E89525-48BF-44B9-8915-4A5AB83DED18}.Debug|Any CPU.Build.0 = Debug|Any CPU
		{92E89525-48BF-44B9-8915-4A5AB83DED18}.Release|Any CPU.ActiveCfg = Release|Any CPU
		{92E89525-48BF-44B9-8915-4A5AB83DED18}.Release|Any CPU.Build.0 = Release|Any CPU
		{CD902F33-D07A-455B-98CA-859B67C679F8}.Debug|Any CPU.ActiveCfg = Debug|Any CPU
		{CD902F33-D07A-455B-98CA-859B67C679F8}.Debug|Any CPU.Build.0 = Debug|Any CPU
		{CD902F33-D07A-455B-98CA-859B67C679F8}.Release|Any CPU.ActiveCfg = Release|Any CPU
		{CD902F33-D07A-455B-98CA-859B67C679F8}.Release|Any CPU.Build.0 = Release|Any CPU
		{22D0BD77-1F18-4ABD-AD00-A47A7B6E66D5}.Debug|Any CPU.ActiveCfg = Debug|Any CPU
		{22D0BD77-1F18-4ABD-AD00-A47A7B6E66D5}.Debug|Any CPU.Build.0 = Debug|Any CPU
		{22D0BD77-1F18-4ABD-AD00-A47A7B6E66D5}.Release|Any CPU.ActiveCfg = Release|Any CPU
		{22D0BD77-1F18-4ABD-AD00-A47A7B6E66D5}.Release|Any CPU.Build.0 = Release|Any CPU
		{2BA13D27-A17F-4AB8-9A95-4ED5CFD19FE2}.Debug|Any CPU.ActiveCfg = Debug|Any CPU
		{2BA13D27-A17F-4AB8-9A95-4ED5CFD19FE2}.Debug|Any CPU.Build.0 = Debug|Any CPU
		{2BA13D27-A17F-4AB8-9A95-4ED5CFD19FE2}.Release|Any CPU.ActiveCfg = Release|Any CPU
		{2BA13D27-A17F-4AB8-9A95-4ED5CFD19FE2}.Release|Any CPU.Build.0 = Release|Any CPU
	EndGlobalSection
	GlobalSection(SolutionProperties) = preSolution
		HideSolutionNode = FALSE
	EndGlobalSection
	GlobalSection(NestedProjects) = preSolution
		{92E89525-48BF-44B9-8915-4A5AB83DED18} = {41525F02-57A7-4094-A932-C49F54628F73}
		{CD902F33-D07A-455B-98CA-859B67C679F8} = {41525F02-57A7-4094-A932-C49F54628F73}
		{22D0BD77-1F18-4ABD-AD00-A47A7B6E66D5} = {41525F02-57A7-4094-A932-C49F54628F73}
		{2BA13D27-A17F-4AB8-9A95-4ED5CFD19FE2} = {41525F02-57A7-4094-A932-C49F54628F73}
	EndGlobalSection
	GlobalSection(ExtensibilityGlobals) = postSolution
		SolutionGuid = {6A710D46-436A-43B7-BB86-96B82DAA9A5A}
	EndGlobalSection
EndGlobal
