
Microsoft Visual Studio Solution File, Format Version 12.00
# Visual Studio 14
VisualStudioVersion = 14.0.25420.1
MinimumVisualStudioVersion = 10.0.40219.1
Project("{FAE04EC0-301F-11D3-BF4B-00C04F79EFBC}") = "Silent.Practices.Domain.Contracts", "Silent.Practices.DDD.Contracts\Silent.Practices.Domain.Contracts.csproj", "{B70CB85D-1E34-4553-9E60-A0426512FC9E}"
EndProject
Project("{FAE04EC0-301F-11D3-BF4B-00C04F79EFBC}") = "Silent.Practices.EventStore", "Silent.Practices.EventStore\Silent.Practices.EventStore.csproj", "{3C507D1B-0D15-4AC7-BCAA-11BFBDCE258C}"
EndProject
Project("{FAE04EC0-301F-11D3-BF4B-00C04F79EFBC}") = "Silent.Practices.Messaging", "Silent.Practices.Messaging\Silent.Practices.Messaging.csproj", "{6F9329CD-BA5A-4759-8977-9EFF024D24B7}"
EndProject
Project("{FAE04EC0-301F-11D3-BF4B-00C04F79EFBC}") = "Silent.Practices.Persistance", "Silent.Practices.Persistance\Silent.Practices.Persistance.csproj", "{1A7267B3-9DC4-4962-9A30-6675785F5088}"
EndProject
Project("{FAE04EC0-301F-11D3-BF4B-00C04F79EFBC}") = "Silent.Practices.Persistance.Tests", "Silent.Practices.Persistance.Tests\Silent.Practices.Persistance.Tests.csproj", "{9F04273F-3D82-495F-8C57-CFA18718795A}"
EndProject
Project("{FAE04EC0-301F-11D3-BF4B-00C04F79EFBC}") = "Silent.Practices.Patterns", "Silent.Practices.Patterns\Silent.Practices.Patterns.csproj", "{4AD13614-CCA0-4ACC-9E87-00E381D4E2EC}"
EndProject
Project("{FAE04EC0-301F-11D3-BF4B-00C04F79EFBC}") = "Silent.Practices.EventStore.Tests", "Silent.Practices.EventStore.Tests\Silent.Practices.EventStore.Tests.csproj", "{4BC6D1F5-9EAF-4055-80D4-1CFAFD9548C8}"
EndProject
Project("{FAE04EC0-301F-11D3-BF4B-00C04F79EFBC}") = "Silent.Practices.Extensions", "Silent.Practices.Extensions\Silent.Practices.Extensions.csproj", "{498AD90E-0EC6-4F70-86CA-EFC5A2905A94}"
EndProject
Project("{FAE04EC0-301F-11D3-BF4B-00C04F79EFBC}") = "Silent.Practices.Extensions.Tests", "Silent.Practices.Extensions.Tests\Silent.Practices.Extensions.Tests.csproj", "{48CD8A67-1DFA-4097-80F4-F7CA06F46053}"
EndProject
Project("{FAE04EC0-301F-11D3-BF4B-00C04F79EFBC}") = "Silent.Practices.Messaging.Tests", "Silent.Practices.Messaging.Tests\Silent.Practices.Messaging.Tests.csproj", "{1C17F5D5-2968-4488-9245-4A04B247DAA0}"
EndProject
Project("{2150E333-8FDC-42A3-9474-1A3956D46DE8}") = "UnitTests", "UnitTests", "{C2117FAC-7A59-4C94-9C0B-91B92D9DB36B}"
EndProject
Global
	GlobalSection(SolutionConfigurationPlatforms) = preSolution
		Debug|Any CPU = Debug|Any CPU
		Release|Any CPU = Release|Any CPU
	EndGlobalSection
	GlobalSection(ProjectConfigurationPlatforms) = postSolution
		{B70CB85D-1E34-4553-9E60-A0426512FC9E}.Debug|Any CPU.ActiveCfg = Debug|Any CPU
		{B70CB85D-1E34-4553-9E60-A0426512FC9E}.Debug|Any CPU.Build.0 = Debug|Any CPU
		{B70CB85D-1E34-4553-9E60-A0426512FC9E}.Release|Any CPU.ActiveCfg = Release|Any CPU
		{B70CB85D-1E34-4553-9E60-A0426512FC9E}.Release|Any CPU.Build.0 = Release|Any CPU
		{3C507D1B-0D15-4AC7-BCAA-11BFBDCE258C}.Debug|Any CPU.ActiveCfg = Debug|Any CPU
		{3C507D1B-0D15-4AC7-BCAA-11BFBDCE258C}.Debug|Any CPU.Build.0 = Debug|Any CPU
		{3C507D1B-0D15-4AC7-BCAA-11BFBDCE258C}.Release|Any CPU.ActiveCfg = Release|Any CPU
		{3C507D1B-0D15-4AC7-BCAA-11BFBDCE258C}.Release|Any CPU.Build.0 = Release|Any CPU
		{6F9329CD-BA5A-4759-8977-9EFF024D24B7}.Debug|Any CPU.ActiveCfg = Debug|Any CPU
		{6F9329CD-BA5A-4759-8977-9EFF024D24B7}.Debug|Any CPU.Build.0 = Debug|Any CPU
		{6F9329CD-BA5A-4759-8977-9EFF024D24B7}.Release|Any CPU.ActiveCfg = Release|Any CPU
		{6F9329CD-BA5A-4759-8977-9EFF024D24B7}.Release|Any CPU.Build.0 = Release|Any CPU
		{1A7267B3-9DC4-4962-9A30-6675785F5088}.Debug|Any CPU.ActiveCfg = Debug|Any CPU
		{1A7267B3-9DC4-4962-9A30-6675785F5088}.Debug|Any CPU.Build.0 = Debug|Any CPU
		{1A7267B3-9DC4-4962-9A30-6675785F5088}.Release|Any CPU.ActiveCfg = Release|Any CPU
		{1A7267B3-9DC4-4962-9A30-6675785F5088}.Release|Any CPU.Build.0 = Release|Any CPU
		{9F04273F-3D82-495F-8C57-CFA18718795A}.Debug|Any CPU.ActiveCfg = Debug|Any CPU
		{9F04273F-3D82-495F-8C57-CFA18718795A}.Debug|Any CPU.Build.0 = Debug|Any CPU
		{9F04273F-3D82-495F-8C57-CFA18718795A}.Release|Any CPU.ActiveCfg = Release|Any CPU
		{9F04273F-3D82-495F-8C57-CFA18718795A}.Release|Any CPU.Build.0 = Release|Any CPU
		{4AD13614-CCA0-4ACC-9E87-00E381D4E2EC}.Debug|Any CPU.ActiveCfg = Debug|Any CPU
		{4AD13614-CCA0-4ACC-9E87-00E381D4E2EC}.Debug|Any CPU.Build.0 = Debug|Any CPU
		{4AD13614-CCA0-4ACC-9E87-00E381D4E2EC}.Release|Any CPU.ActiveCfg = Release|Any CPU
		{4AD13614-CCA0-4ACC-9E87-00E381D4E2EC}.Release|Any CPU.Build.0 = Release|Any CPU
		{4BC6D1F5-9EAF-4055-80D4-1CFAFD9548C8}.Debug|Any CPU.ActiveCfg = Debug|Any CPU
		{4BC6D1F5-9EAF-4055-80D4-1CFAFD9548C8}.Debug|Any CPU.Build.0 = Debug|Any CPU
		{4BC6D1F5-9EAF-4055-80D4-1CFAFD9548C8}.Release|Any CPU.ActiveCfg = Release|Any CPU
		{4BC6D1F5-9EAF-4055-80D4-1CFAFD9548C8}.Release|Any CPU.Build.0 = Release|Any CPU
		{498AD90E-0EC6-4F70-86CA-EFC5A2905A94}.Debug|Any CPU.ActiveCfg = Debug|Any CPU
		{498AD90E-0EC6-4F70-86CA-EFC5A2905A94}.Debug|Any CPU.Build.0 = Debug|Any CPU
		{498AD90E-0EC6-4F70-86CA-EFC5A2905A94}.Release|Any CPU.ActiveCfg = Release|Any CPU
		{498AD90E-0EC6-4F70-86CA-EFC5A2905A94}.Release|Any CPU.Build.0 = Release|Any CPU
		{48CD8A67-1DFA-4097-80F4-F7CA06F46053}.Debug|Any CPU.ActiveCfg = Debug|Any CPU
		{48CD8A67-1DFA-4097-80F4-F7CA06F46053}.Debug|Any CPU.Build.0 = Debug|Any CPU
		{48CD8A67-1DFA-4097-80F4-F7CA06F46053}.Release|Any CPU.ActiveCfg = Release|Any CPU
		{48CD8A67-1DFA-4097-80F4-F7CA06F46053}.Release|Any CPU.Build.0 = Release|Any CPU
		{1C17F5D5-2968-4488-9245-4A04B247DAA0}.Debug|Any CPU.ActiveCfg = Debug|Any CPU
		{1C17F5D5-2968-4488-9245-4A04B247DAA0}.Debug|Any CPU.Build.0 = Debug|Any CPU
		{1C17F5D5-2968-4488-9245-4A04B247DAA0}.Release|Any CPU.ActiveCfg = Release|Any CPU
		{1C17F5D5-2968-4488-9245-4A04B247DAA0}.Release|Any CPU.Build.0 = Release|Any CPU
	EndGlobalSection
	GlobalSection(SolutionProperties) = preSolution
		HideSolutionNode = FALSE
	EndGlobalSection
	GlobalSection(NestedProjects) = preSolution
		{9F04273F-3D82-495F-8C57-CFA18718795A} = {C2117FAC-7A59-4C94-9C0B-91B92D9DB36B}
		{4BC6D1F5-9EAF-4055-80D4-1CFAFD9548C8} = {C2117FAC-7A59-4C94-9C0B-91B92D9DB36B}
		{48CD8A67-1DFA-4097-80F4-F7CA06F46053} = {C2117FAC-7A59-4C94-9C0B-91B92D9DB36B}
		{1C17F5D5-2968-4488-9245-4A04B247DAA0} = {C2117FAC-7A59-4C94-9C0B-91B92D9DB36B}
	EndGlobalSection
EndGlobal
